
Microsoft Visual Studio Solution File, Format Version 12.00
# Visual Studio Version 17
VisualStudioVersion = 17.10.34928.147
MinimumVisualStudioVersion = 10.0.40219.1
Project("{FAE04EC0-301F-11D3-BF4B-00C04F79EFBC}") = "Point-of-Sale", "Point-of-Sale\Point-of-Sale.csproj", "{AE0A173D-D538-4B40-9373-1F545ED00118}"
EndProject
Global
	GlobalSection(SolutionConfigurationPlatforms) = preSolution
		Debug|ARM = Debug|ARM
		Debug|ARM64 = Debug|ARM64
		Debug|x64 = Debug|x64
		Debug|x86 = Debug|x86
		Release|ARM = Release|ARM
		Release|ARM64 = Release|ARM64
		Release|x64 = Release|x64
		Release|x86 = Release|x86
	EndGlobalSection
	GlobalSection(ProjectConfigurationPlatforms) = postSolution
		{AE0A173D-D538-4B40-9373-1F545ED00118}.Debug|ARM.ActiveCfg = Debug|ARM
		{AE0A173D-D538-4B40-9373-1F545ED00118}.Debug|ARM.Build.0 = Debug|ARM
		{AE0A173D-D538-4B40-9373-1F545ED00118}.Debug|ARM.Deploy.0 = Debug|ARM
		{AE0A173D-D538-4B40-9373-1F545ED00118}.Debug|ARM64.ActiveCfg = Debug|ARM64
		{AE0A173D-D538-4B40-9373-1F545ED00118}.Debug|ARM64.Build.0 = Debug|ARM64
		{AE0A173D-D538-4B40-9373-1F545ED00118}.Debug|ARM64.Deploy.0 = Debug|ARM64
		{AE0A173D-D538-4B40-9373-1F545ED00118}.Debug|x64.ActiveCfg = Debug|x64
		{AE0A173D-D538-4B40-9373-1F545ED00118}.Debug|x64.Build.0 = Debug|x64
		{AE0A173D-D538-4B40-9373-1F545ED00118}.Debug|x64.Deploy.0 = Debug|x64
		{AE0A173D-D538-4B40-9373-1F545ED00118}.Debug|x86.ActiveCfg = Debug|x86
		{AE0A173D-D538-4B40-9373-1F545ED00118}.Debug|x86.Build.0 = Debug|x86
		{AE0A173D-D538-4B40-9373-1F545ED00118}.Debug|x86.Deploy.0 = Debug|x86
		{AE0A173D-D538-4B40-9373-1F545ED00118}.Release|ARM.ActiveCfg = Release|ARM
		{AE0A173D-D538-4B40-9373-1F545ED00118}.Release|ARM.Build.0 = Release|ARM
		{AE0A173D-D538-4B40-9373-1F545ED00118}.Release|ARM.Deploy.0 = Release|ARM
		{AE0A173D-D538-4B40-9373-1F545ED00118}.Release|ARM64.ActiveCfg = Release|ARM64
		{AE0A173D-D538-4B40-9373-1F545ED00118}.Release|ARM64.Build.0 = Release|ARM64
		{AE0A173D-D538-4B40-9373-1F545ED00118}.Release|ARM64.Deploy.0 = Release|ARM64
		{AE0A173D-D538-4B40-9373-1F545ED00118}.Release|x64.ActiveCfg = Release|x64
		{AE0A173D-D538-4B40-9373-1F545ED00118}.Release|x64.Build.0 = Release|x64
		{AE0A173D-D538-4B40-9373-1F545ED00118}.Release|x64.Deploy.0 = Release|x64
		{AE0A173D-D538-4B40-9373-1F545ED00118}.Release|x86.ActiveCfg = Release|x86
		{AE0A173D-D538-4B40-9373-1F545ED00118}.Release|x86.Build.0 = Release|x86
		{AE0A173D-D538-4B40-9373-1F545ED00118}.Release|x86.Deploy.0 = Release|x86
	EndGlobalSection
	GlobalSection(SolutionProperties) = preSolution
		HideSolutionNode = FALSE
	EndGlobalSection
	GlobalSection(ExtensibilityGlobals) = postSolution
		SolutionGuid = {B831A4E1-0212-4322-8396-F66577CC5ED0}
	EndGlobalSection
EndGlobal
